<?xml version="1.0" encoding="utf-8"?>
<Project ToolsVersion="4.0" xmlns="http://schemas.microsoft.com/developer/msbuild/2003">
  <ItemGroup>
    <Filter Include="Source Files">
      <UniqueIdentifier>{4FC737F1-C7A5-4376-A066-2A32D752A2FF}</UniqueIdentifier>
      <Extensions>cpp;c;cc;cxx;c++;cppm;ixx;def;odl;idl;hpj;bat;asm;asmx</Extensions>
    </Filter>
  </ItemGroup>
  <ItemGroup>
    <ClCompile Include="..\..\packages\gmp\cxx\isfuns.cc">
      <Filter>Source Files</Filter>
    </ClCompile>
    <ClCompile Include="..\..\packages\gmp\cxx\ismpf.cc">
      <Filter>Source Files</Filter>
    </ClCompile>
    <ClCompile Include="..\..\packages\gmp\cxx\ismpq.cc">
      <Filter>Source Files</Filter>
    </ClCompile>
    <ClCompile Include="..\..\packages\gmp\cxx\ismpz.cc">
      <Filter>Source Files</Filter>
    </ClCompile>
    <ClCompile Include="..\..\packages\gmp\cxx\ismpznw.cc">
      <Filter>Source Files</Filter>
    </ClCompile>
    <ClCompile Include="..\..\packages\gmp\cxx\limits.cc">
      <Filter>Source Files</Filter>
    </ClCompile>
    <ClCompile Include="..\..\packages\gmp\cxx\osdoprnti.cc">
      <Filter>Source Files</Filter>
    </ClCompile>
    <ClCompile Include="..\..\packages\gmp\cxx\osfuns.cc">
      <Filter>Source Files</Filter>
    </ClCompile>
    <ClCompile Include="..\..\packages\gmp\cxx\osmpf.cc">
      <Filter>Source Files</Filter>
    </ClCompile>
    <ClCompile Include="..\..\packages\gmp\cxx\osmpq.cc">
      <Filter>Source Files</Filter>
    </ClCompile>
    <ClCompile Include="..\..\packages\gmp\cxx\osmpz.cc">
      <Filter>Source Files</Filter>
    </ClCompile>
  </ItemGroup>
  <ItemGroup>
  </ItemGroup>
  <ItemGroup>
  </ItemGroup>
</Project>